PODS:
  - Flutter (1.0.0)
  - flutter_for_walle (0.0.1):
    - Flutter

DEPENDENCIES:
  - Flutter (from `Flutter`)
  - flutter_for_walle (from `.symlinks/plugins/flutter_for_walle/ios`)

EXTERNAL SOURCES:
  Flutter:
    :path: Flutter
  flutter_for_walle:
    :path: ".symlinks/plugins/flutter_for_walle/ios"

SPEC CHECKSUMS:
  Flutter: 0e3d915762c693b495b44d77113d4970485de6ec
  flutter_for_walle: 1b82db4cd2c1fff181177d56da4e53c32f5caa8d

PODFILE CHECKSUM: aafe91acc616949ddb318b77800a7f51bffa2a4c

COCOAPODS: 1.8.3
